
Microsoft Visual Studio Solution File, Format Version 12.00
Project("{FAE04EC0-301F-11D3-BF4B-00C04F79EFBC}") = "MainResource", "MainResource\MainResource.csproj", "{E84FF4A2-6E7F-4B37-BC66-596FACF71278}"
EndProject
Project("{FAE04EC0-301F-11D3-BF4B-00C04F79EFBC}") = "Repository", "Repository\Repository.csproj", "{B523826E-2AFD-486B-915E-D2797CF14D7F}"
EndProject
Project("{FAE04EC0-301F-11D3-BF4B-00C04F79EFBC}") = "Model", "Model\Model.csproj", "{E1B6A870-330A-478C-AB95-8D69ED0FFC74}"
EndProject
Global
	GlobalSection(SolutionConfigurationPlatforms) = preSolution
		Debug|Any CPU = Debug|Any CPU
		Release|Any CPU = Release|Any CPU
	EndGlobalSection
	GlobalSection(ProjectConfigurationPlatforms) = postSolution
		{E84FF4A2-6E7F-4B37-BC66-596FACF71278}.Debug|Any CPU.ActiveCfg = Debug|Any CPU
		{E84FF4A2-6E7F-4B37-BC66-596FACF71278}.Debug|Any CPU.Build.0 = Debug|Any CPU
		{E84FF4A2-6E7F-4B37-BC66-596FACF71278}.Release|Any CPU.ActiveCfg = Release|Any CPU
		{E84FF4A2-6E7F-4B37-BC66-596FACF71278}.Release|Any CPU.Build.0 = Release|Any CPU
		{B523826E-2AFD-486B-915E-D2797CF14D7F}.Debug|Any CPU.ActiveCfg = Debug|Any CPU
		{B523826E-2AFD-486B-915E-D2797CF14D7F}.Debug|Any CPU.Build.0 = Debug|Any CPU
		{B523826E-2AFD-486B-915E-D2797CF14D7F}.Release|Any CPU.ActiveCfg = Release|Any CPU
		{B523826E-2AFD-486B-915E-D2797CF14D7F}.Release|Any CPU.Build.0 = Release|Any CPU
		{E1B6A870-330A-478C-AB95-8D69ED0FFC74}.Debug|Any CPU.ActiveCfg = Debug|Any CPU
		{E1B6A870-330A-478C-AB95-8D69ED0FFC74}.Debug|Any CPU.Build.0 = Debug|Any CPU
		{E1B6A870-330A-478C-AB95-8D69ED0FFC74}.Release|Any CPU.ActiveCfg = Release|Any CPU
		{E1B6A870-330A-478C-AB95-8D69ED0FFC74}.Release|Any CPU.Build.0 = Release|Any CPU
	EndGlobalSection
EndGlobal
